<?xml version="1.0" encoding="UTF-8" standalone="yes" ?>
<CodeBlocks_project_file>
	<FileVersion major="1" minor="6" />
	<Project>
		<Option title="cov_sim" />
		<Option pch_mode="2" />
		<Option compiler="gcc" />
		<Build>
			<Target title="Debug">
				<Option output="bin/Debug/cov_sim" prefix_auto="1" extension_auto="1" />
				<Option working_dir="../cov_sim" />
				<Option object_output="obj/Debug/" />
				<Option type="1" />
				<Option compiler="gcc" />
				<Compiler>
					<Add option="-std=c++17" />
					<Add option="-g" />
					<Add directory="srcs" />
					<Add directory="srcs/environment" />
					<Add directory="srcs/robot" />
					<Add directory="srcs/world" />
				</Compiler>
			</Target>
			<Target title="Release">
				<Option output="bin/Release/cov_sim" prefix_auto="1" extension_auto="1" />
				<Option object_output="obj/Release/" />
				<Option type="1" />
				<Option compiler="gcc" />
				<Compiler>
					<Add option="-O2" />
				</Compiler>
				<Linker>
					<Add option="-s" />
				</Linker>
			</Target>
		</Build>
		<Compiler>
			<Add option="-Wall" />
			<Add option="-fexceptions" />
			<Add directory="C:/opencv_build/install/include" />
		</Compiler>
		<Linker>
			<Add library="../../opencv_build/lib/libopencv_world4130.dll.a" />
			<Add directory="C:/opencv_build/install/x64/mingw/lib" />
		</Linker>
		<Unit filename="srcs/environment/dynamic_obstacle.cpp" />
		<Unit filename="srcs/environment/dynamic_obstacle.h" />
		<Unit filename="srcs/environment/environment.cpp" />
		<Unit filename="srcs/environment/environment.h" />
		<Unit filename="srcs/environment/guard.cpp" />
		<Unit filename="srcs/environment/guard.h" />
		<Unit filename="srcs/environment/random_walk.cpp" />
		<Unit filename="srcs/environment/random_walk.h" />
		<Unit filename="srcs/environment/vehicle.cpp" />
		<Unit filename="srcs/environment/vehicle.h" />
		<Unit filename="srcs/main.cpp" />
		<Unit filename="srcs/robot/coverage.cpp" />
		<Unit filename="srcs/robot/coverage.h" />
		<Unit filename="srcs/robot/planner.cpp" />
		<Unit filename="srcs/robot/planner.h" />
		<Unit filename="srcs/world/grid.cpp" />
		<Unit filename="srcs/world/grid.h" />
		<Unit filename="srcs/world/image_utils.cpp" />
		<Unit filename="srcs/world/image_utils.h" />
		<Unit filename="srcs/world/input.cpp" />
		<Unit filename="srcs/world/input.h" />
		<Unit filename="srcs/world/opencv.cpp" />
		<Unit filename="srcs/world/opencv.h" />
		<Unit filename="srcs/world/rng.cpp" />
		<Unit filename="srcs/world/rng.h" />
		<Unit filename="srcs/world/stats.cpp" />
		<Unit filename="srcs/world/stats.h" />
		<Unit filename="srcs/world/types.h" />
		<Extensions>
			<lib_finder disable_auto="1" />
		</Extensions>
	</Project>
</CodeBlocks_project_file>
